
Microsoft Visual Studio Solution File, Format Version 12.00
# Visual Studio Version 16
VisualStudioVersion = 16.0.30523.141
MinimumVisualStudioVersion = 10.0.40219.1
Project("{9A19103F-16F7-4668-BE54-9A1E7A4F7556}") = "DemoPages", "DemoPages\DemoPages.csproj", "{3B5811FF-46AA-44EE-A0DC-1794E67D0CA7}"
EndProject
Global
	GlobalSection(SolutionConfigurationPlatforms) = preSolution
		Debug|Any CPU = Debug|Any CPU
		Release|Any CPU = Release|Any CPU
	EndGlobalSection
	GlobalSection(ProjectConfigurationPlatforms) = postSolution
		{3B5811FF-46AA-44EE-A0DC-1794E67D0CA7}.Debug|Any CPU.ActiveCfg = Debug|Any CPU
		{3B5811FF-46AA-44EE-A0DC-1794E67D0CA7}.Debug|Any CPU.Build.0 = Debug|Any CPU
		{3B5811FF-46AA-44EE-A0DC-1794E67D0CA7}.Release|Any CPU.ActiveCfg = Release|Any CPU
		{3B5811FF-46AA-44EE-A0DC-1794E67D0CA7}.Release|Any CPU.Build.0 = Release|Any CPU
	EndGlobalSection
	GlobalSection(SolutionProperties) = preSolution
		HideSolutionNode = FALSE
	EndGlobalSection
	GlobalSection(ExtensibilityGlobals) = postSolution
		SolutionGuid = {4E4268C2-5ADC-48A3-8DA5-CC983A083470}
	EndGlobalSection
EndGlobal
